
Microsoft Visual Studio Solution File, Format Version 12.00
# Visual Studio Version 17
VisualStudioVersion = 17.0.31903.59
MinimumVisualStudioVersion = 10.0.40219.1
Project("{FAE04EC0-301F-11D3-BF4B-00C04F79EFBC}") = "ConfigAdmin.Domain", "src\ConfigAdmin.Domain\ConfigAdmin.Domain.csproj", "{A1111111-1111-1111-1111-111111111101}"
EndProject
Project("{FAE04EC0-301F-11D3-BF4B-00C04F79EFBC}") = "ConfigAdmin.Integration.OneC", "src\ConfigAdmin.Integration.OneC\ConfigAdmin.Integration.OneC.csproj", "{A1111111-1111-1111-1111-111111111102}"
EndProject
Project("{FAE04EC0-301F-11D3-BF4B-00C04F79EFBC}") = "ConfigAdmin.Infrastructure", "src\ConfigAdmin.Infrastructure\ConfigAdmin.Infrastructure.csproj", "{A1111111-1111-1111-1111-111111111103}"
EndProject
Project("{FAE04EC0-301F-11D3-BF4B-00C04F79EFBC}") = "ConfigAdmin.Application", "src\ConfigAdmin.Application\ConfigAdmin.Application.csproj", "{A1111111-1111-1111-1111-111111111104}"
EndProject
Project("{FAE04EC0-301F-11D3-BF4B-00C04F79EFBC}") = "ConfigAdmin.Console", "src\ConfigAdmin.Console\ConfigAdmin.Console.csproj", "{A1111111-1111-1111-1111-111111111105}"
EndProject
Project("{FAE04EC0-301F-11D3-BF4B-00C04F79EFBC}") = "ConfigAdmin.Wpf", "src\ConfigAdmin.Wpf\ConfigAdmin.Wpf.csproj", "{A1111111-1111-1111-1111-111111111106}"
EndProject
Project("{FAE04EC0-301F-11D3-BF4B-00C04F79EFBC}") = "ConfigAdmin.Tests", "tests\ConfigAdmin.Tests\ConfigAdmin.Tests.csproj", "{A1111111-1111-1111-1111-111111111107}"
EndProject
Project("{2150E333-8FDC-42A3-9474-1A3956D46DE8}") = "src", "src", "{B1111111-1111-1111-1111-111111111100}"
EndProject
Project("{2150E333-8FDC-42A3-9474-1A3956D46DE8}") = "tests", "tests", "{B1111111-1111-1111-1111-111111111200}"
EndProject
Global
	GlobalSection(SolutionConfigurationPlatforms) = preSolution
		Debug|Any CPU = Debug|Any CPU
		Release|Any CPU = Release|Any CPU
	EndGlobalSection
	GlobalSection(ProjectConfigurationPlatforms) = postSolution
		{A1111111-1111-1111-1111-111111111101}.Debug|Any CPU.ActiveCfg = Debug|Any CPU
		{A1111111-1111-1111-1111-111111111101}.Debug|Any CPU.Build.0 = Debug|Any CPU
		{A1111111-1111-1111-1111-111111111101}.Release|Any CPU.ActiveCfg = Release|Any CPU
		{A1111111-1111-1111-1111-111111111101}.Release|Any CPU.Build.0 = Release|Any CPU
		{A1111111-1111-1111-1111-111111111102}.Debug|Any CPU.ActiveCfg = Debug|Any CPU
		{A1111111-1111-1111-1111-111111111102}.Debug|Any CPU.Build.0 = Debug|Any CPU
		{A1111111-1111-1111-1111-111111111102}.Release|Any CPU.ActiveCfg = Release|Any CPU
		{A1111111-1111-1111-1111-111111111102}.Release|Any CPU.Build.0 = Release|Any CPU
		{A1111111-1111-1111-1111-111111111103}.Debug|Any CPU.ActiveCfg = Debug|Any CPU
		{A1111111-1111-1111-1111-111111111103}.Debug|Any CPU.Build.0 = Debug|Any CPU
		{A1111111-1111-1111-1111-111111111103}.Release|Any CPU.ActiveCfg = Release|Any CPU
		{A1111111-1111-1111-1111-111111111103}.Release|Any CPU.Build.0 = Release|Any CPU
		{A1111111-1111-1111-1111-111111111104}.Debug|Any CPU.ActiveCfg = Debug|Any CPU
		{A1111111-1111-1111-1111-111111111104}.Debug|Any CPU.Build.0 = Debug|Any CPU
		{A1111111-1111-1111-1111-111111111104}.Release|Any CPU.ActiveCfg = Release|Any CPU
		{A1111111-1111-1111-1111-111111111104}.Release|Any CPU.Build.0 = Release|Any CPU
		{A1111111-1111-1111-1111-111111111105}.Debug|Any CPU.ActiveCfg = Debug|Any CPU
		{A1111111-1111-1111-1111-111111111105}.Debug|Any CPU.Build.0 = Debug|Any CPU
		{A1111111-1111-1111-1111-111111111105}.Release|Any CPU.ActiveCfg = Release|Any CPU
		{A1111111-1111-1111-1111-111111111105}.Release|Any CPU.Build.0 = Release|Any CPU
		{A1111111-1111-1111-1111-111111111106}.Debug|Any CPU.ActiveCfg = Debug|Any CPU
		{A1111111-1111-1111-1111-111111111106}.Debug|Any CPU.Build.0 = Debug|Any CPU
		{A1111111-1111-1111-1111-111111111106}.Release|Any CPU.ActiveCfg = Release|Any CPU
		{A1111111-1111-1111-1111-111111111106}.Release|Any CPU.Build.0 = Release|Any CPU
		{A1111111-1111-1111-1111-111111111107}.Debug|Any CPU.ActiveCfg = Debug|Any CPU
		{A1111111-1111-1111-1111-111111111107}.Debug|Any CPU.Build.0 = Debug|Any CPU
		{A1111111-1111-1111-1111-111111111107}.Release|Any CPU.ActiveCfg = Release|Any CPU
		{A1111111-1111-1111-1111-111111111107}.Release|Any CPU.Build.0 = Release|Any CPU
	EndGlobalSection
	GlobalSection(NestedProjects) = preSolution
		{A1111111-1111-1111-1111-111111111101} = {B1111111-1111-1111-1111-111111111100}
		{A1111111-1111-1111-1111-111111111102} = {B1111111-1111-1111-1111-111111111100}
		{A1111111-1111-1111-1111-111111111103} = {B1111111-1111-1111-1111-111111111100}
		{A1111111-1111-1111-1111-111111111104} = {B1111111-1111-1111-1111-111111111100}
		{A1111111-1111-1111-1111-111111111105} = {B1111111-1111-1111-1111-111111111100}
		{A1111111-1111-1111-1111-111111111106} = {B1111111-1111-1111-1111-111111111100}
		{A1111111-1111-1111-1111-111111111107} = {B1111111-1111-1111-1111-111111111200}
	EndGlobalSection
EndGlobal
